
Microsoft Visual Studio Solution File, Format Version 12.00
# Visual Studio Version 17
VisualStudioVersion = 17.6.33723.286
MinimumVisualStudioVersion = 10.0.40219.1
Project("{2150E333-8FDC-42A3-9474-1A3956D46DE8}") = "src", "src", "{DB63880D-ED86-4344-BF76-47123CB9D135}"
	ProjectSection(SolutionItems) = preProject
		docker-compose.yml = docker-compose.yml
	EndProjectSection
EndProject
Project("{2150E333-8FDC-42A3-9474-1A3956D46DE8}") = "tests", "tests", "{BDF18BCD-56A7-461A-99BA-5BE75D4772A9}"
EndProject
Project("{9A19103F-16F7-4668-BE54-9A1E7A4F7556}") = "Domain", "Domain\Domain.csproj", "{1852E83D-55D1-40DF-9B2D-9FA5399D0593}"
EndProject
Project("{9A19103F-16F7-4668-BE54-9A1E7A4F7556}") = "Domain.Tests", "Domain.Tests\Domain.Tests.csproj", "{3B9380B5-A0B1-4B46-99F7-6F64E98039FF}"
EndProject
Project("{9A19103F-16F7-4668-BE54-9A1E7A4F7556}") = "API", "API\API.csproj", "{33E279E6-DE46-49F2-9A46-334A6A375731}"
EndProject
Project("{2150E333-8FDC-42A3-9474-1A3956D46DE8}") = "Core", "Core", "{F409515A-FD3E-4F8E-99C6-C641E446A508}"
EndProject
Project("{2150E333-8FDC-42A3-9474-1A3956D46DE8}") = "Adapter", "Adapter", "{350681E0-C6BB-4997-A187-8E6B867ECB9F}"
EndProject
Project("{2150E333-8FDC-42A3-9474-1A3956D46DE8}") = "Driver", "Driver", "{00F266A0-D8A0-4B98-853E-735053F57D7B}"
EndProject
Project("{2150E333-8FDC-42A3-9474-1A3956D46DE8}") = "Driven", "Driven", "{6ED92BBB-F6D7-4633-8A30-E7A5EAE10107}"
EndProject
Project("{9A19103F-16F7-4668-BE54-9A1E7A4F7556}") = "Application", "Application\Application.csproj", "{886F6FDE-AB3F-497F-81AF-9D2A9076D904}"
EndProject
Project("{9A19103F-16F7-4668-BE54-9A1E7A4F7556}") = "Infra", "Infra\Infra.csproj", "{2966ACAA-71D6-46F8-9927-8CA2E9C8A946}"
EndProject
Global
	GlobalSection(SolutionConfigurationPlatforms) = preSolution
		Debug|Any CPU = Debug|Any CPU
		Release|Any CPU = Release|Any CPU
	EndGlobalSection
	GlobalSection(ProjectConfigurationPlatforms) = postSolution
		{1852E83D-55D1-40DF-9B2D-9FA5399D0593}.Debug|Any CPU.ActiveCfg = Debug|Any CPU
		{1852E83D-55D1-40DF-9B2D-9FA5399D0593}.Debug|Any CPU.Build.0 = Debug|Any CPU
		{1852E83D-55D1-40DF-9B2D-9FA5399D0593}.Release|Any CPU.ActiveCfg = Release|Any CPU
		{1852E83D-55D1-40DF-9B2D-9FA5399D0593}.Release|Any CPU.Build.0 = Release|Any CPU
		{3B9380B5-A0B1-4B46-99F7-6F64E98039FF}.Debug|Any CPU.ActiveCfg = Debug|Any CPU
		{3B9380B5-A0B1-4B46-99F7-6F64E98039FF}.Debug|Any CPU.Build.0 = Debug|Any CPU
		{3B9380B5-A0B1-4B46-99F7-6F64E98039FF}.Release|Any CPU.ActiveCfg = Release|Any CPU
		{3B9380B5-A0B1-4B46-99F7-6F64E98039FF}.Release|Any CPU.Build.0 = Release|Any CPU
		{33E279E6-DE46-49F2-9A46-334A6A375731}.Debug|Any CPU.ActiveCfg = Debug|Any CPU
		{33E279E6-DE46-49F2-9A46-334A6A375731}.Debug|Any CPU.Build.0 = Debug|Any CPU
		{33E279E6-DE46-49F2-9A46-334A6A375731}.Release|Any CPU.ActiveCfg = Release|Any CPU
		{33E279E6-DE46-49F2-9A46-334A6A375731}.Release|Any CPU.Build.0 = Release|Any CPU
		{886F6FDE-AB3F-497F-81AF-9D2A9076D904}.Debug|Any CPU.ActiveCfg = Debug|Any CPU
		{886F6FDE-AB3F-497F-81AF-9D2A9076D904}.Debug|Any CPU.Build.0 = Debug|Any CPU
		{886F6FDE-AB3F-497F-81AF-9D2A9076D904}.Release|Any CPU.ActiveCfg = Release|Any CPU
		{886F6FDE-AB3F-497F-81AF-9D2A9076D904}.Release|Any CPU.Build.0 = Release|Any CPU
		{2966ACAA-71D6-46F8-9927-8CA2E9C8A946}.Debug|Any CPU.ActiveCfg = Debug|Any CPU
		{2966ACAA-71D6-46F8-9927-8CA2E9C8A946}.Debug|Any CPU.Build.0 = Debug|Any CPU
		{2966ACAA-71D6-46F8-9927-8CA2E9C8A946}.Release|Any CPU.ActiveCfg = Release|Any CPU
		{2966ACAA-71D6-46F8-9927-8CA2E9C8A946}.Release|Any CPU.Build.0 = Release|Any CPU
	EndGlobalSection
	GlobalSection(SolutionProperties) = preSolution
		HideSolutionNode = FALSE
	EndGlobalSection
	GlobalSection(NestedProjects) = preSolution
		{1852E83D-55D1-40DF-9B2D-9FA5399D0593} = {F409515A-FD3E-4F8E-99C6-C641E446A508}
		{3B9380B5-A0B1-4B46-99F7-6F64E98039FF} = {BDF18BCD-56A7-461A-99BA-5BE75D4772A9}
		{33E279E6-DE46-49F2-9A46-334A6A375731} = {00F266A0-D8A0-4B98-853E-735053F57D7B}
		{F409515A-FD3E-4F8E-99C6-C641E446A508} = {DB63880D-ED86-4344-BF76-47123CB9D135}
		{350681E0-C6BB-4997-A187-8E6B867ECB9F} = {DB63880D-ED86-4344-BF76-47123CB9D135}
		{00F266A0-D8A0-4B98-853E-735053F57D7B} = {350681E0-C6BB-4997-A187-8E6B867ECB9F}
		{6ED92BBB-F6D7-4633-8A30-E7A5EAE10107} = {350681E0-C6BB-4997-A187-8E6B867ECB9F}
		{886F6FDE-AB3F-497F-81AF-9D2A9076D904} = {F409515A-FD3E-4F8E-99C6-C641E446A508}
		{2966ACAA-71D6-46F8-9927-8CA2E9C8A946} = {6ED92BBB-F6D7-4633-8A30-E7A5EAE10107}
	EndGlobalSection
	GlobalSection(ExtensibilityGlobals) = postSolution
		SolutionGuid = {A6AF338D-B474-4FAC-8A9E-2E67CB6387B8}
	EndGlobalSection
EndGlobal
